// !$*UTF8*$!
{
	archiveVersion = 1;
	classes = {
	};
	objectVersion = 50;
	objects = {

/* Begin PBXBuildFile section */
		C7CB56492461D26B00342BB0 /* AppDelegate.swift in Sources */ = {isa = PBXBuildFile; fileRef = C7CB56482461D26B00342BB0 /* AppDelegate.swift */; };
		C7CB564B2461D26B00342BB0 /* SceneDelegate.swift in Sources */ = {isa = PBXBuildFile; fileRef = C7CB564A2461D26B00342BB0 /* SceneDelegate.swift */; };
		C7CB564D2461D26B00342BB0 /* ContentView.swift in Sources */ = {isa = PBXBuildFile; fileRef = C7CB564C2461D26B00342BB0 /* ContentView.swift */; };
		C7CB564F2461D26D00342BB0 /* Assets.xcassets in Resources */ = {isa = PBXBuildFile; fileRef = C7CB564E2461D26D00342BB0 /* Assets.xcassets */; };
		C7CB56522461D26D00342BB0 /* Preview Assets.xcassets in Resources */ = {isa = PBXBuildFile; fileRef = C7CB56512461D26D00342BB0 /* Preview Assets.xcassets */; };
		C7CB56552461D26D00342BB0 /* LaunchScreen.storyboard in Resources */ = {isa = PBXBuildFile; fileRef = C7CB56532461D26D00342BB0 /* LaunchScreen.storyboard */; };
		C7CB565E24628A6500342BB0 /* Project.swift in Sources */ = {isa = PBXBuildFile; fileRef = C7CB565D24628A6500342BB0 /* Project.swift */; };
		C7CB566024628B4900342BB0 /* Helpers.swift in Sources */ = {isa = PBXBuildFile; fileRef = C7CB565F24628B4900342BB0 /* Helpers.swift */; };
		C7CB566224629F8400342BB0 /* RoomView.swift in Sources */ = {isa = PBXBuildFile; fileRef = C7CB566124629F8400342BB0 /* RoomView.swift */; };
/* End PBXBuildFile section */

/* Begin PBXFileReference section */
		C7CB56452461D26B00342BB0 /* ric-calculator.app */ = {isa = PBXFileReference; explicitFileType = wrapper.application; includeInIndex = 0; path = "ric-calculator.app"; sourceTree = BUILT_PRODUCTS_DIR; };
		C7CB56482461D26B00342BB0 /* AppDelegate.swift */ = {isa = PBXFileReference; lastKnownFileType = sourcecode.swift; path = AppDelegate.swift; sourceTree = "<group>"; };
		C7CB564A2461D26B00342BB0 /* SceneDelegate.swift */ = {isa = PBXFileReference; lastKnownFileType = sourcecode.swift; path = SceneDelegate.swift; sourceTree = "<group>"; };
		C7CB564C2461D26B00342BB0 /* ContentView.swift */ = {isa = PBXFileReference; lastKnownFileType = sourcecode.swift; path = ContentView.swift; sourceTree = "<group>"; };
		C7CB564E2461D26D00342BB0 /* Assets.xcassets */ = {isa = PBXFileReference; lastKnownFileType = folder.assetcatalog; path = Assets.xcassets; sourceTree = "<group>"; };
		C7CB56512461D26D00342BB0 /* Preview Assets.xcassets */ = {isa = PBXFileReference; lastKnownFileType = folder.assetcatalog; path = "Preview Assets.xcassets"; sourceTree = "<group>"; };
		C7CB56542461D26D00342BB0 /* Base */ = {isa = PBXFileReference; lastKnownFileType = file.storyboard; name = Base; path = Base.lproj/LaunchScreen.storyboard; sourceTree = "<group>"; };
		C7CB56562461D26D00342BB0 /* Info.plist */ = {isa = PBXFileReference; lastKnownFileType = text.plist.xml; path = Info.plist; sourceTree = "<group>"; };
		C7CB565D24628A6500342BB0 /* Project.swift */ = {isa = PBXFileReference; lastKnownFileType = sourcecode.swift; path = Project.swift; sourceTree = "<group>"; };
		C7CB565F24628B4900342BB0 /* Helpers.swift */ = {isa = PBXFileReference; lastKnownFileType = sourcecode.swift; path = Helpers.swift; sourceTree = "<group>"; };
		C7CB566124629F8400342BB0 /* RoomView.swift */ = {isa = PBXFileReference; lastKnownFileType = sourcecode.swift; path = RoomView.swift; sourceTree = "<group>"; };
/* End PBXFileReference section */

/* Begin PBXFrameworksBuildPhase section */
		C7CB56422461D26B00342BB0 /* Frameworks */ = {
			isa = PBXFrameworksBuildPhase;
			buildActionMask = 2147483647;
			files = (
			);
			runOnlyForDeploymentPostprocessing = 0;
		};
/* End PBXFrameworksBuildPhase section */

/* Begin PBXGroup section */
		C7CB563C2461D26B00342BB0 = {
			isa = PBXGroup;
			children = (
				C7CB56472461D26B00342BB0 /* ric-calculator */,
				C7CB56462461D26B00342BB0 /* Products */,
			);
			sourceTree = "<group>";
		};
		C7CB56462461D26B00342BB0 /* Products */ = {
			isa = PBXGroup;
			children = (
				C7CB56452461D26B00342BB0 /* ric-calculator.app */,
			);
			name = Products;
			sourceTree = "<group>";
		};
		C7CB56472461D26B00342BB0 /* ric-calculator */ = {
			isa = PBXGroup;
			children = (
				C7D7E62E2463551000C31D47 /* Room */,
				C7CB565C24628A4A00342BB0 /* views */,
				C7CB565F24628B4900342BB0 /* Helpers.swift */,
				C7CB564E2461D26D00342BB0 /* Assets.xcassets */,
				C7CB56482461D26B00342BB0 /* AppDelegate.swift */,
				C7CB564A2461D26B00342BB0 /* SceneDelegate.swift */,
				C7CB56532461D26D00342BB0 /* LaunchScreen.storyboard */,
				C7CB56562461D26D00342BB0 /* Info.plist */,
				C7CB56502461D26D00342BB0 /* Preview Content */,
			);
			path = "ric-calculator";
			sourceTree = "<group>";
		};
		C7CB56502461D26D00342BB0 /* Preview Content */ = {
			isa = PBXGroup;
			children = (
				C7CB56512461D26D00342BB0 /* Preview Assets.xcassets */,
			);
			path = "Preview Content";
			sourceTree = "<group>";
		};
		C7CB565C24628A4A00342BB0 /* views */ = {
			isa = PBXGroup;
			children = (
				C7CB564C2461D26B00342BB0 /* ContentView.swift */,
				C7CB565D24628A6500342BB0 /* Project.swift */,
			);
			name = views;
			sourceTree = "<group>";
		};
		C7D7E62E2463551000C31D47 /* Room */ = {
			isa = PBXGroup;
			children = (
				C7CB566124629F8400342BB0 /* RoomView.swift */,
			);
			name = Room;
			sourceTree = "<group>";
		};
/* End PBXGroup section */

/* Begin PBXNativeTarget section */
		C7CB56442461D26B00342BB0 /* ric-calculator */ = {
			isa = PBXNativeTarget;
			buildConfigurationList = C7CB56592461D26D00342BB0 /* Build configuration list for PBXNativeTarget "ric-calculator" */;
			buildPhases = (
				C7CB56412461D26B00342BB0 /* Sources */,
				C7CB56422461D26B00342BB0 /* Frameworks */,
				C7CB56432461D26B00342BB0 /* Resources */,
			);
			buildRules = (
			);
			dependencies = (
			);
			name = "ric-calculator";
			productName = "ric-calculator";
			productReference = C7CB56452461D26B00342BB0 /* ric-calculator.app */;
			productType = "com.apple.product-type.application";
		};
/* End PBXNativeTarget section */

/* Begin PBXProject section */
		C7CB563D2461D26B00342BB0 /* Project object */ = {
			isa = PBXProject;
			attributes = {
				LastSwiftUpdateCheck = 1140;
				LastUpgradeCheck = 1140;
				ORGANIZATIONNAME = "Bryan Potts";
				TargetAttributes = {
					C7CB56442461D26B00342BB0 = {
						CreatedOnToolsVersion = 11.4.1;
					};
				};
			};
			buildConfigurationList = C7CB56402461D26B00342BB0 /* Build configuration list for PBXProject "ric-calculator" */;
			compatibilityVersion = "Xcode 9.3";
			developmentRegion = en;
			hasScannedForEncodings = 0;
			knownRegions = (
				en,
				Base,
			);
			mainGroup = C7CB563C2461D26B00342BB0;
			productRefGroup = C7CB56462461D26B00342BB0 /* Products */;
			projectDirPath = "";
			projectRoot = "";
			targets = (
				C7CB56442461D26B00342BB0 /* ric-calculator */,
			);
		};
/* End PBXProject section */

/* Begin PBXResourcesBuildPhase section */
		C7CB56432461D26B00342BB0 /* Resources */ = {
			isa = PBXResourcesBuildPhase;
			buildActionMask = 2147483647;
			files = (
				C7CB56552461D26D00342BB0 /* LaunchScreen.storyboard in Resources */,
				C7CB56522461D26D00342BB0 /* Preview Assets.xcassets in Resources */,
				C7CB564F2461D26D00342BB0 /* Assets.xcassets in Resources */,
			);
			runOnlyForDeploymentPostprocessing = 0;
		};
/* End PBXResourcesBuildPhase section */

/* Begin PBXSourcesBuildPhase section */
		C7CB56412461D26B00342BB0 /* Sources */ = {
			isa = PBXSourcesBuildPhase;
			buildActionMask = 2147483647;
			files = (
				C7CB56492461D26B00342BB0 /* AppDelegate.swift in Sources */,
				C7CB564B2461D26B00342BB0 /* SceneDelegate.swift in Sources */,
				C7CB564D2461D26B00342BB0 /* ContentView.swift in Sources */,
				C7CB566224629F8400342BB0 /* RoomView.swift in Sources */,
				C7CB566024628B4900342BB0 /* Helpers.swift in Sources */,
				C7CB565E24628A6500342BB0 /* Project.swift in Sources */,
			);
			runOnlyForDeploymentPostprocessing = 0;
		};
/* End PBXSourcesBuildPhase section */

/* Begin PBXVariantGroup section */
		C7CB56532461D26D00342BB0 /* LaunchScreen.storyboard */ = {
			isa = PBXVariantGroup;
			children = (
				C7CB56542461D26D00342BB0 /* Base */,
			);
			name = LaunchScreen.storyboard;
			sourceTree = "<group>";
		};
/* End PBXVariantGroup section */

/* Begin XCBuildConfiguration section */
		C7CB56572461D26D00342BB0 /* Debug */ = {
			isa = XCBuildConfiguration;
			buildSettings = {
				ALWAYS_SEARCH_USER_PATHS = NO;
				CLANG_ANALYZER_NONNULL = YES;
				CLANG_ANALYZER_NUMBER_OBJECT_CONVERSION = YES_AGGRESSIVE;
				CLANG_CXX_LANGUAGE_STANDARD = "gnu++14";
				CLANG_CXX_LIBRARY = "libc++";
				CLANG_ENABLE_MODULES = YES;
				CLANG_ENABLE_OBJC_ARC = YES;
				CLANG_ENABLE_OBJC_WEAK = YES;
				CLANG_WARN_BLOCK_CAPTURE_AUTORELEASING = YES;
				CLANG_WARN_BOOL_CONVERSION = YES;
				CLANG_WARN_COMMA = YES;
				CLANG_WARN_CONSTANT_CONVERSION = YES;
				CLANG_WARN_DEPRECATED_OBJC_IMPLEMENTATIONS = YES;
				CLANG_WARN_DIRECT_OBJC_ISA_USAGE = YES_ERROR;
				CLANG_WARN_DOCUMENTATION_COMMENTS = YES;
				CLANG_WARN_EMPTY_BODY = YES;
				CLANG_WARN_ENUM_CONVERSION = YES;
				CLANG_WARN_INFINITE_RECURSION = YES;
				CLANG_WARN_INT_CONVERSION = YES;
				CLANG_WARN_NON_LITERAL_NULL_CONVERSION = YES;
				CLANG_WARN_OBJC_IMPLICIT_RETAIN_SELF = YES;
				CLANG_WARN_OBJC_LITERAL_CONVERSION = YES;
				CLANG_WARN_OBJC_ROOT_CLASS = YES_ERROR;
				CLANG_WARN_RANGE_LOOP_ANALYSIS = YES;
				CLANG_WARN_STRICT_PROTOTYPES = YES;
				CLANG_WARN_SUSPICIOUS_MOVE = YES;
				CLANG_WARN_UNGUARDED_AVAILABILITY = YES_AGGRESSIVE;
				CLANG_WARN_UNREACHABLE_CODE = YES;
				CLANG_WARN__DUPLICATE_METHOD_MATCH = YES;
				COPY_PHASE_STRIP = NO;
				DEBUG_INFORMATION_FORMAT = dwarf;
				ENABLE_STRICT_OBJC_MSGSEND = YES;
				ENABLE_TESTABILITY = YES;
				GCC_C_LANGUAGE_STANDARD = gnu11;
				GCC_DYNAMIC_NO_PIC = NO;
				GCC_NO_COMMON_BLOCKS = YES;
				GCC_OPTIMIZATION_LEVEL = 0;
				GCC_PREPROCESSOR_DEFINITIONS = (
					"DEBUG=1",
					"$(inherited)",
				);
				GCC_WARN_64_TO_32_BIT_CONVERSION = YES;
				GCC_WARN_ABOUT_RETURN_TYPE = YES_ERROR;
				GCC_WARN_UNDECLARED_SELECTOR = YES;
				GCC_WARN_UNINITIALIZED_AUTOS = YES_AGGRESSIVE;
				GCC_WARN_UNUSED_FUNCTION = YES;
				GCC_WARN_UNUSED_VARIABLE = YES;
				IPHONEOS_DEPLOYMENT_TARGET = 13.4;
				MTL_ENABLE_DEBUG_INFO = INCLUDE_SOURCE;
				MTL_FAST_MATH = YES;
				ONLY_ACTIVE_ARCH = YES;
				SDKROOT = iphoneos;
				SWIFT_ACTIVE_COMPILATION_CONDITIONS = DEBUG;
				SWIFT_OPTIMIZATION_LEVEL = "-Onone";
			};
			name = Debug;
		};
		C7CB56582461D26D00342BB0 /* Release */ = {
			isa = XCBuildConfiguration;
			buildSettings = {
				ALWAYS_SEARCH_USER_PATHS = NO;
				CLANG_ANALYZER_NONNULL = YES;
				CLANG_ANALYZER_NUMBER_OBJECT_CONVERSION = YES_AGGRESSIVE;
				CLANG_CXX_LANGUAGE_STANDARD = "gnu++14";
				CLANG_CXX_LIBRARY = "libc++";
				CLANG_ENABLE_MODULES = YES;
				CLANG_ENABLE_OBJC_ARC = YES;
				CLANG_ENABLE_OBJC_WEAK = YES;
				CLANG_WARN_BLOCK_CAPTURE_AUTORELEASING = YES;
				CLANG_WARN_BOOL_CONVERSION = YES;
				CLANG_WARN_COMMA = YES;
				CLANG_WARN_CONSTANT_CONVERSION = YES;
				CLANG_WARN_DEPRECATED_OBJC_IMPLEMENTATIONS = YES;
				CLANG_WARN_DIRECT_OBJC_ISA_USAGE = YES_ERROR;
				CLANG_WARN_DOCUMENTATION_COMMENTS = YES;
				CLANG_WARN_EMPTY_BODY = YES;
				CLANG_WARN_ENUM_CONVERSION = YES;
				CLANG_WARN_INFINITE_RECURSION = YES;
				CLANG_WARN_INT_CONVERSION = YES;
				CLANG_WARN_NON_LITERAL_NULL_CONVERSION = YES;
				CLANG_WARN_OBJC_IMPLICIT_RETAIN_SELF = YES;
				CLANG_WARN_OBJC_LITERAL_CONVERSION = YES;
				CLANG_WARN_OBJC_ROOT_CLASS = YES_ERROR;
				CLANG_WARN_RANGE_LOOP_ANALYSIS = YES;
				CLANG_WARN_STRICT_PROTOTYPES = YES;
				CLANG_WARN_SUSPICIOUS_MOVE = YES;
				CLANG_WARN_UNGUARDED_AVAILABILITY = YES_AGGRESSIVE;
				CLANG_WARN_UNREACHABLE_CODE = YES;
				CLANG_WARN__DUPLICATE_METHOD_MATCH = YES;
				COPY_PHASE_STRIP = NO;
				DEBUG_INFORMATION_FORMAT = "dwarf-with-dsym";
				ENABLE_NS_ASSERTIONS = NO;
				ENABLE_STRICT_OBJC_MSGSEND = YES;
				GCC_C_LANGUAGE_STANDARD = gnu11;
				GCC_NO_COMMON_BLOCKS = YES;
				GCC_WARN_64_TO_32_BIT_CONVERSION = YES;
				GCC_WARN_ABOUT_RETURN_TYPE = YES_ERROR;
				GCC_WARN_UNDECLARED_SELECTOR = YES;
				GCC_WARN_UNINITIALIZED_AUTOS = YES_AGGRESSIVE;
				GCC_WARN_UNUSED_FUNCTION = YES;
				GCC_WARN_UNUSED_VARIABLE = YES;
				IPHONEOS_DEPLOYMENT_TARGET = 13.4;
				MTL_ENABLE_DEBUG_INFO = NO;
				MTL_FAST_MATH = YES;
				SDKROOT = iphoneos;
				SWIFT_COMPILATION_MODE = wholemodule;
				SWIFT_OPTIMIZATION_LEVEL = "-O";
				VALIDATE_PRODUCT = YES;
			};
			name = Release;
		};
		C7CB565A2461D26D00342BB0 /* Debug */ = {
			isa = XCBuildConfiguration;
			buildSettings = {
				ASSETCATALOG_COMPILER_APPICON_NAME = AppIcon;
				CODE_SIGN_STYLE = Automatic;
				DEVELOPMENT_ASSET_PATHS = "\"ric-calculator/Preview Content\"";
				DEVELOPMENT_TEAM = NH5J65QW37;
				ENABLE_PREVIEWS = YES;
				INFOPLIST_FILE = "ric-calculator/Info.plist";
				LD_RUNPATH_SEARCH_PATHS = (
					"$(inherited)",
					"@executable_path/Frameworks",
				);
				PRODUCT_BUNDLE_IDENTIFIER = "com.ricflooring.ric-calculator";
				PRODUCT_NAME = "$(TARGET_NAME)";
				SWIFT_VERSION = 5.0;
				TARGETED_DEVICE_FAMILY = "1,2";
			};
			name = Debug;
		};
		C7CB565B2461D26D00342BB0 /* Release */ = {
			isa = XCBuildConfiguration;
			buildSettings = {
				ASSETCATALOG_COMPILER_APPICON_NAME = AppIcon;
				CODE_SIGN_STYLE = Automatic;
				DEVELOPMENT_ASSET_PATHS = "\"ric-calculator/Preview Content\"";
				DEVELOPMENT_TEAM = NH5J65QW37;
				ENABLE_PREVIEWS = YES;
				INFOPLIST_FILE = "ric-calculator/Info.plist";
				LD_RUNPATH_SEARCH_PATHS = (
					"$(inherited)",
					"@executable_path/Frameworks",
				);
				PRODUCT_BUNDLE_IDENTIFIER = "com.ricflooring.ric-calculator";
				PRODUCT_NAME = "$(TARGET_NAME)";
				SWIFT_VERSION = 5.0;
				TARGETED_DEVICE_FAMILY = "1,2";
			};
			name = Release;
		};
/* End XCBuildConfiguration section */

/* Begin XCConfigurationList section */
		C7CB56402461D26B00342BB0 /* Build configuration list for PBXProject "ric-calculator" */ = {
			isa = XCConfigurationList;
			buildConfigurations = (
				C7CB56572461D26D00342BB0 /* Debug */,
				C7CB56582461D26D00342BB0 /* Release */,
			);
			defaultConfigurationIsVisible = 0;
			defaultConfigurationName = Release;
		};
		C7CB56592461D26D00342BB0 /* Build configuration list for PBXNativeTarget "ric-calculator" */ = {
			isa = XCConfigurationList;
			buildConfigurations = (
				C7CB565A2461D26D00342BB0 /* Debug */,
				C7CB565B2461D26D00342BB0 /* Release */,
			);
			defaultConfigurationIsVisible = 0;
			defaultConfigurationName = Release;
		};
/* End XCConfigurationList section */
	};
	rootObject = C7CB563D2461D26B00342BB0 /* Project object */;
}
